
Microsoft Visual Studio Solution File, Format Version 12.00
# Visual Studio Version 17
VisualStudioVersion = 17.9.34728.123
MinimumVisualStudioVersion = 10.0.40219.1
Project("{8BC9CEB8-8B4A-11D0-8D11-00A0C91BC942}") = "OBJ2BIN", "OBJ2BIN\OBJ2BIN.vcxproj", "{DBE2C53A-22A4-4C2E-BF7D-264B7D344DBA}"
EndProject
Global
	GlobalSection(SolutionConfigurationPlatforms) = preSolution
		Debug|x64 = Debug|x64
		Debug|x86 = Debug|x86
		Release|x64 = Release|x64
		Release|x86 = Release|x86
	EndGlobalSection
	GlobalSection(ProjectConfigurationPlatforms) = postSolution
		{DBE2C53A-22A4-4C2E-BF7D-264B7D344DBA}.Debug|x64.ActiveCfg = Debug|x64
		{DBE2C53A-22A4-4C2E-BF7D-264B7D344DBA}.Debug|x64.Build.0 = Debug|x64
		{DBE2C53A-22A4-4C2E-BF7D-264B7D344DBA}.Debug|x86.ActiveCfg = Debug|Win32
		{DBE2C53A-22A4-4C2E-BF7D-264B7D344DBA}.Debug|x86.Build.0 = Debug|Win32
		{DBE2C53A-22A4-4C2E-BF7D-264B7D344DBA}.Release|x64.ActiveCfg = Release|x64
		{DBE2C53A-22A4-4C2E-BF7D-264B7D344DBA}.Release|x64.Build.0 = Release|x64
		{DBE2C53A-22A4-4C2E-BF7D-264B7D344DBA}.Release|x86.ActiveCfg = Release|Win32
		{DBE2C53A-22A4-4C2E-BF7D-264B7D344DBA}.Release|x86.Build.0 = Release|Win32
	EndGlobalSection
	GlobalSection(SolutionProperties) = preSolution
		HideSolutionNode = FALSE
	EndGlobalSection
	GlobalSection(ExtensibilityGlobals) = postSolution
		SolutionGuid = {40E3CF16-4D8E-41DF-AB63-3BC4C8680132}
	EndGlobalSection
EndGlobal
